
Microsoft Visual Studio Solution File, Format Version 12.00
# Visual Studio Version 16
VisualStudioVersion = 16.0.29123.88
MinimumVisualStudioVersion = 10.0.40219.1
Project("{FAE04EC0-301F-11D3-BF4B-00C04F79EFBC}") = "Classy", "Classy\Classy.csproj", "{F193F47E-A103-4C21-BEA7-EF257DC50E40}"
EndProject
Global
	GlobalSection(SolutionConfigurationPlatforms) = preSolution
		Debug|Any CPU = Debug|Any CPU
		Release|Any CPU = Release|Any CPU
	EndGlobalSection
	GlobalSection(ProjectConfigurationPlatforms) = postSolution
		{F193F47E-A103-4C21-BEA7-EF257DC50E40}.Debug|Any CPU.ActiveCfg = Debug|Any CPU
		{F193F47E-A103-4C21-BEA7-EF257DC50E40}.Debug|Any CPU.Build.0 = Debug|Any CPU
		{F193F47E-A103-4C21-BEA7-EF257DC50E40}.Release|Any CPU.ActiveCfg = Release|Any CPU
		{F193F47E-A103-4C21-BEA7-EF257DC50E40}.Release|Any CPU.Build.0 = Release|Any CPU
	EndGlobalSection
	GlobalSection(SolutionProperties) = preSolution
		HideSolutionNode = FALSE
	EndGlobalSection
	GlobalSection(ExtensibilityGlobals) = postSolution
		SolutionGuid = {F907FAFB-B77F-4FB0-B30F-6151622DEE0F}
	EndGlobalSection
EndGlobal
